<?xml version="1.0" encoding="UTF-8" standalone="yes" ?>
<CodeBlocks_project_file>
	<FileVersion major="1" minor="6" />
	<Project>
		<Option title="crapmud_client" />
		<Option makefile="makefile" />
		<Option pch_mode="2" />
		<Option compiler="gcc" />
		<Build>
			<Target title="Debug">
				<Option output="bin/Debug/crapmud_client" prefix_auto="1" extension_auto="1" />
				<Option object_output="obj/Debug/" />
				<Option type="1" />
				<Option compiler="gcc" />
				<Compiler>
					<Add option="-Og" />
					<Add option="-g" />
					<Add option="-DLOCAL_IP" />
				</Compiler>
			</Target>
			<Target title="Release">
				<Option output="bin/Release/crapmud_client" prefix_auto="1" extension_auto="1" />
				<Option object_output="obj/Release/" />
				<Option type="1" />
				<Option compiler="gcc" />
				<Compiler>
					<Add option="-DLOCAL_IP" />
				</Compiler>
				<Linker>
					<Add option="-O2" />
				</Linker>
				<ExtraCommands>
					<Add after="build_test.bat" />
					<Mode after="always" />
				</ExtraCommands>
			</Target>
			<Target title="Profile">
				<Option output="bin/Profile/crapmud_client" prefix_auto="1" extension_auto="1" />
				<Option object_output="obj/Profile/" />
				<Option type="1" />
				<Option compiler="gcc" />
				<Compiler>
					<Add option="-pg" />
					<Add option="-Og" />
					<Add option="-g" />
					<Add option="-DLOCAL_IP" />
				</Compiler>
				<Linker>
					<Add option="-pg -lgmon" />
				</Linker>
			</Target>
			<Target title="Deploy">
				<Option output="bin/Deploy/crapmud_client" prefix_auto="1" extension_auto="1" />
				<Option working_dir="DebugDeploy" />
				<Option object_output="obj/Deploy/" />
				<Option type="1" />
				<Option compiler="gcc" />
				<Compiler>
					<Add option="-g" />
					<Add option="-DEXTERN_IP" />
				</Compiler>
				<Linker>
					<Add option="-O2" />
				</Linker>
				<ExtraCommands>
					<Add after="build_release.bat" />
					<Mode after="always" />
				</ExtraCommands>
			</Target>
			<Target title="DeployProfile">
				<Option output="bin/DeployProfile/crapmud_client" prefix_auto="1" extension_auto="1" />
				<Option working_dir="DebugDeploy" />
				<Option object_output="obj/DeployProfile/" />
				<Option type="1" />
				<Option compiler="gcc" />
				<Compiler>
					<Add option="-pg" />
					<Add option="-Og" />
					<Add option="-g" />
					<Add option="-DEXTERN_IP" />
				</Compiler>
				<Linker>
					<Add option="-pg -lgmon" />
				</Linker>
			</Target>
			<Target title="DeployToSteam">
				<Option output="bin/Deploy/crapmud_client" prefix_auto="1" extension_auto="1" />
				<Option working_dir="DebugDeploy" />
				<Option object_output="obj/Deploy/" />
				<Option type="1" />
				<Option compiler="gcc" />
				<Compiler>
					<Add option="-O2" />
					<Add option="-DEXTERN_IP" />
				</Compiler>
				<Linker>
					<Add option="-s" />
				</Linker>
				<ExtraCommands>
					<Add after="build_release.bat" />
					<Add after="C:/Users/James/Downloads/steamworks_sdk_142/sdk/tools/ContentBuilder/run_build.bat" />
					<Mode after="always" />
				</ExtraCommands>
			</Target>
			<Target title="Linux">
				<Option output="bin/Deploy/crapmud_client" prefix_auto="1" extension_auto="1" />
				<Option object_output="obj/Deploy/" />
				<Option type="1" />
				<Option compiler="gcc" />
				<Compiler>
					<Add option="-O2" />
					<Add option="-DEXTERN_IP" />
				</Compiler>
				<Linker>
					<Add option="-s" />
				</Linker>
			</Target>
			<Target title="DebugDeploy">
				<Option output="bin/DebugDeploy/crapmud_client" prefix_auto="1" extension_auto="1" />
				<Option working_dir="DebugDeploy" />
				<Option object_output="obj/DebugDeploy/" />
				<Option type="1" />
				<Option compiler="gcc" />
				<Compiler>
					<Add option="-Og" />
					<Add option="-g" />
					<Add option="-DEXTERN_IP" />
				</Compiler>
			</Target>
			<Target title="DeployTest">
				<Option output="bin/Deploy/crapmud_client" prefix_auto="1" extension_auto="1" />
				<Option working_dir="DebugDeploy" />
				<Option object_output="obj/Deploy/" />
				<Option type="1" />
				<Option compiler="gcc" />
				<Compiler>
					<Add option="-g" />
					<Add option="-DEXTERN_IP" />
				</Compiler>
				<Linker>
					<Add option="-O2" />
				</Linker>
			</Target>
		</Build>
		<Compiler>
			<Add option="-Wall" />
			<Add option="-fexceptions" />
			<Add option="-Wno-narrowing" />
			<Add option="-std=gnu++1z" />
			<Add option="-DNET_CLIENT" />
			<Add option="-DNO_COMPRESSION" />
			<Add option="-DBOOST_STACKTRACE_USE_WINDBG" />
			<Add directory="deps" />
		</Compiler>
		<Linker>
			<Add option="-lmingw32" />
			<Add option="-lsfml-graphics" />
			<Add option="-lsfml-audio" />
			<Add option="-lsfml-network" />
			<Add option="-lsfml-window" />
			<Add option="-lsfml-system" />
			<Add option="-lfreetype" />
			<Add option="-lopengl32" />
			<Add option="-lws2_32" />
			<Add option="-lflac" />
			<Add option="-lopenal32" />
			<Add option="-logg" />
			<Add option="-lboost_system-mt" />
			<Add option="-lmswsock" />
			<Add option="-lole32" />
			<Add option="-lboost_stacktrace_windbg-mt" />
			<Add option="-lboost_filesystem-mt" />
			<Add option="-ldbgeng" />
		</Linker>
		<Unit filename="auto_handlers.cpp" />
		<Unit filename="auto_handlers.hpp" />
		<Unit filename="colour_interop.hpp" />
		<Unit filename="copy_handler.cpp" />
		<Unit filename="copy_handler.hpp" />
		<Unit filename="deps/serialise/serialise.cpp" />
		<Unit filename="deps/serialise/serialise.hpp" />
		<Unit filename="editable_string.cpp" />
		<Unit filename="editable_string.hpp" />
		<Unit filename="http_beast_client.cpp" />
		<Unit filename="http_beast_client.hpp" />
		<Unit filename="icon.res">
			<Option target="Deploy" />
			<Option target="Linux" />
			<Option target="DeployTest" />
		</Unit>
		<Unit filename="local_commands.hpp" />
		<Unit filename="main.cpp" />
		<Unit filename="stacktrace.cpp" />
		<Unit filename="stacktrace.hpp" />
		<Unit filename="string_helpers.cpp" />
		<Unit filename="string_helpers.hpp" />
		<Unit filename="ui_components.cpp" />
		<Unit filename="ui_components.hpp" />
		<Unit filename="util.hpp" />
		<Extensions>
			<code_completion />
			<envvars />
			<debugger />
			<lib_finder disable_auto="1" />
		</Extensions>
	</Project>
</CodeBlocks_project_file>
