<?xml version="1.0" encoding="UTF-8" standalone="yes" ?>
<CodeBlocks_project_file>
	<FileVersion major="1" minor="6" />
	<Project>
		<Option title="crapmud_client" />
		<Option makefile="makefile" />
		<Option pch_mode="2" />
		<Option compiler="gcc" />
		<Build>
			<Target title="Debug">
				<Option output="bin/Debug/crapmud_client" prefix_auto="1" extension_auto="1" />
				<Option object_output="obj/Debug/" />
				<Option type="1" />
				<Option compiler="gcc" />
				<Compiler>
					<Add option="-g" />
					<Add option="-DLOCAL_IP" />
				</Compiler>
			</Target>
			<Target title="Release">
				<Option output="bin/Release/crapmud_client" prefix_auto="1" extension_auto="1" />
				<Option object_output="obj/Release/" />
				<Option type="1" />
				<Option compiler="gcc" />
				<Compiler>
					<Add option="-DLOCAL_IP" />
				</Compiler>
				<Linker>
					<Add option="-O2" />
				</Linker>
				<ExtraCommands>
					<Add after="build_test.bat" />
					<Mode after="always" />
				</ExtraCommands>
			</Target>
			<Target title="Profile">
				<Option output="bin/Profile/crapmud_client" prefix_auto="1" extension_auto="1" />
				<Option object_output="obj/Profile/" />
				<Option type="1" />
				<Option compiler="gcc" />
				<Compiler>
					<Add option="-pg" />
					<Add option="-Og" />
					<Add option="-g" />
					<Add option="-DLOCAL_IP" />
				</Compiler>
				<Linker>
					<Add option="-pg -lgmon" />
				</Linker>
			</Target>
			<Target title="Deploy">
				<Option output="bin/Deploy/crapmud_client" prefix_auto="1" extension_auto="1" />
				<Option working_dir="DebugDeploy" />
				<Option object_output="obj/Deploy/" />
				<Option type="1" />
				<Option compiler="gcc" />
				<Compiler>
					<Add option="-g" />
					<Add option="-DEXTERN_IP" />
				</Compiler>
				<Linker>
					<Add option="-O2" />
				</Linker>
				<ExtraCommands>
					<Add after="build_release.bat" />
					<Mode after="always" />
				</ExtraCommands>
			</Target>
			<Target title="DeployProfile">
				<Option output="DebugDeploy/DeployProfile" prefix_auto="1" extension_auto="1" />
				<Option working_dir="DebugDeploy" />
				<Option object_output="obj/DeployProfile/" />
				<Option type="1" />
				<Option compiler="gcc" />
				<Compiler>
					<Add option="-pg" />
					<Add option="-g" />
					<Add option="-fno-pie" />
					<Add option="-O0" />
					<Add option="-DEXTERN_IP" />
				</Compiler>
				<Linker>
					<Add option="-pg -lgmon" />
					<Add option="-pg" />
				</Linker>
			</Target>
			<Target title="DeployToSteam">
				<Option output="bin/Deploy/crapmud_client" prefix_auto="1" extension_auto="1" />
				<Option working_dir="DebugDeploy" />
				<Option object_output="obj/Deploy/" />
				<Option type="1" />
				<Option compiler="gcc" />
				<Compiler>
					<Add option="-O2" />
					<Add option="-DEXTERN_IP" />
				</Compiler>
				<Linker>
					<Add option="-s" />
				</Linker>
				<ExtraCommands>
					<Add after="build_release.bat" />
					<Add after="C:/Users/James/Downloads/steamworks_sdk_142/sdk/tools/ContentBuilder/run_build.bat" />
					<Mode after="always" />
				</ExtraCommands>
			</Target>
			<Target title="Linux">
				<Option output="bin/Deploy/crapmud_client" prefix_auto="1" extension_auto="1" />
				<Option object_output="obj/Deploy/" />
				<Option type="1" />
				<Option compiler="gcc" />
				<Compiler>
					<Add option="-O2" />
					<Add option="-DEXTERN_IP" />
				</Compiler>
				<Linker>
					<Add option="-s" />
				</Linker>
			</Target>
			<Target title="DebugDeploy">
				<Option output="bin/DebugDeploy/crapmud_client" prefix_auto="1" extension_auto="1" />
				<Option working_dir="DebugDeploy" />
				<Option object_output="obj/DebugDeploy/" />
				<Option type="1" />
				<Option compiler="gcc" />
				<Compiler>
					<Add option="-Og" />
					<Add option="-g" />
					<Add option="-DEXTERN_IP" />
				</Compiler>
			</Target>
			<Target title="DeployTest">
				<Option output="bin/Deploy/crapmud_client" prefix_auto="1" extension_auto="1" />
				<Option working_dir="DebugDeploy" />
				<Option object_output="obj/Deploy/" />
				<Option type="1" />
				<Option compiler="gcc" />
				<Compiler>
					<Add option="-g" />
					<Add option="-DEXTERN_IP" />
				</Compiler>
				<Linker>
					<Add option="-O2" />
				</Linker>
			</Target>
			<Target title="DeployTestSubmodules">
				<Option output="bin/Deploy/crapmud_client" prefix_auto="1" extension_auto="1" />
				<Option working_dir="DebugDeploy" />
				<Option object_output="obj/Deploy/" />
				<Option type="1" />
				<Option compiler="gcc" />
				<Compiler>
					<Add option="-g" />
					<Add option="-DEXTERN_IP" />
				</Compiler>
				<Linker>
					<Add option="-O2" />
				</Linker>
				<ExtraCommands>
					<Add before='git submodule foreach &quot;(git checkout master; git pull)&amp;&quot;' />
					<Mode after="always" />
				</ExtraCommands>
			</Target>
			<Target title="ReleaseSubmodules">
				<Option output="bin/Release/crapmud_client" prefix_auto="1" extension_auto="1" />
				<Option object_output="obj/Release/" />
				<Option type="1" />
				<Option compiler="gcc" />
				<Compiler>
					<Add option="-DLOCAL_IP" />
				</Compiler>
				<Linker>
					<Add option="-O2" />
				</Linker>
				<ExtraCommands>
					<Add before='git submodule foreach &quot;(git checkout master; git pull)&amp;&quot;' />
					<Add after="build_test.bat" />
					<Mode after="always" />
				</ExtraCommands>
			</Target>
			<Target title="DeployTestZAPCC">
				<Option output="bin/DeployTestZAPCC/crapmud_client" prefix_auto="1" extension_auto="1" />
				<Option working_dir="DebugDeploy" />
				<Option object_output="obj/DeployTestZAPCC/" />
				<Option type="1" />
				<Option compiler="zapcc" />
				<Compiler>
					<Add option="-g" />
					<Add option="-DEXTERN_IP" />
				</Compiler>
				<Linker>
					<Add option="-O2" />
				</Linker>
			</Target>
		</Build>
		<Compiler>
			<Add option="-Wall" />
			<Add option="-fexceptions" />
			<Add option="-Wno-narrowing" />
			<Add option="-std=gnu++1z" />
			<Add option="-Werror=return-type" />
			<Add option="-DNET_CLIENT" />
			<Add option="-DNO_COMPRESSION" />
			<Add option="-DBOOST_STACKTRACE_USE_WINDBG" />
			<Add directory="deps" />
			<Add directory="deps/imgui" />
			<Add directory="deps/freetype" />
			<Add directory="deps/freetype/include" />
		</Compiler>
		<Linker>
			<Add option="-lmingw32" />
			<Add option="-lsfml-graphics" />
			<Add option="-lsfml-audio" />
			<Add option="-lsfml-window" />
			<Add option="-lsfml-system" />
			<Add option="-lfreetype" />
			<Add option="-lopengl32" />
			<Add option="-lflac" />
			<Add option="-lopenal32" />
			<Add option="-logg" />
			<Add option="-lboost_system-mgw73-mt-x64-1_67" />
			<Add option="-lboost_filesystem-mgw73-mt-x64-1_67" />
			<Add option="-lole32" />
			<Add option="-ldbgeng" />
			<Add option="-lboost_stacktrace_windbg-mgw73-mt-x64-1_67" />
			<Add library="deps/libncclient/libncclient.a" />
			<Add library="deps/freetype/win64/libfreetype.a" />
		</Linker>
		<ExtraCommands>
			<Add after="copy_dll.bat" />
			<Mode after="always" />
		</ExtraCommands>
		<Unit filename="auto_handlers.cpp" />
		<Unit filename="auto_handlers.hpp" />
		<Unit filename="colour_interop.hpp" />
		<Unit filename="copy_handler.cpp" />
		<Unit filename="copy_handler.hpp" />
		<Unit filename="deps/ImGuiColorTextEdit/TextEditor.cpp" />
		<Unit filename="deps/ImGuiColorTextEdit/TextEditor.h" />
		<Unit filename="deps/imgui-sfml/imgui-SFML.cpp" />
		<Unit filename="deps/imgui-sfml/imgui-SFML.h" />
		<Unit filename="deps/imgui/imgui.cpp" />
		<Unit filename="deps/imgui/imgui.h" />
		<Unit filename="deps/imgui/imgui_demo.cpp" />
		<Unit filename="deps/imgui/imgui_draw.cpp" />
		<Unit filename="deps/imgui/misc/freetype/imgui_freetype.cpp" />
		<Unit filename="deps/imgui/misc/freetype/imgui_freetype.h" />
		<Unit filename="deps/serialise/serialise.cpp" />
		<Unit filename="deps/serialise/serialise.hpp" />
		<Unit filename="editable_string.cpp" />
		<Unit filename="editable_string.hpp" />
		<Unit filename="font_cfg.cpp" />
		<Unit filename="font_cfg.hpp" />
		<Unit filename="format_cache.cpp" />
		<Unit filename="format_cache.hpp" />
		<Unit filename="icon.res">
			<Option target="Deploy" />
			<Option target="Linux" />
			<Option target="DeployTest" />
			<Option target="DeployTestSubmodules" />
			<Option target="DeployTestZAPCC" />
		</Unit>
		<Unit filename="imgui_ui_components.cpp" />
		<Unit filename="imgui_ui_components.hpp" />
		<Unit filename="local_commands.cpp" />
		<Unit filename="local_commands.hpp" />
		<Unit filename="main.cpp" />
		<Unit filename="stacktrace.cpp" />
		<Unit filename="stacktrace.hpp" />
		<Unit filename="string_helpers.cpp" />
		<Unit filename="string_helpers.hpp" />
		<Unit filename="text_editor.hpp" />
		<Unit filename="tokeniser.cpp" />
		<Unit filename="tokeniser.hpp" />
		<Unit filename="util.hpp" />
		<Extensions>
			<code_completion />
			<envvars />
			<debugger />
			<lib_finder disable_auto="1" />
		</Extensions>
	</Project>
</CodeBlocks_project_file>
