<?xml version="1.0" encoding="UTF-8" standalone="yes" ?>
<CodeBlocks_project_file>
	<FileVersion major="1" minor="6" />
	<Project>
		<Option title="net_code_client" />
		<Option makefile="makefile" />
		<Option pch_mode="2" />
		<Option compiler="gcc" />
		<Build>
			<Target title="Debug">
				<Option output="bin/Debug/crapmud_client" prefix_auto="1" extension_auto="1" />
				<Option object_output="obj/Debug/" />
				<Option type="1" />
				<Option compiler="gcc" />
				<Compiler>
					<Add option="-Og" />
					<Add option="-g" />
					<Add option="-DLOCAL_IP" />
				</Compiler>
			</Target>
			<Target title="Release">
				<Option output="bin/Release/crapmud_client" prefix_auto="1" extension_auto="1" />
				<Option object_output="obj/Release/" />
				<Option type="1" />
				<Option compiler="gcc" />
				<Compiler>
					<Add option="-O3" />
					<Add option="-DLOCAL_IP" />
				</Compiler>
				<Linker>
					<Add option="-O3" />
					<Add option="-s" />
				</Linker>
				<ExtraCommands>
					<Add after="build_test.bat" />
					<Mode after="always" />
				</ExtraCommands>
			</Target>
			<Target title="Profile">
				<Option output="bin/Profile/crapmud_client" prefix_auto="1" extension_auto="1" />
				<Option object_output="obj/Profile/" />
				<Option type="1" />
				<Option compiler="gcc" />
				<Compiler>
					<Add option="-pg" />
					<Add option="-Og" />
					<Add option="-g" />
					<Add option="-DLOCAL_IP" />
				</Compiler>
				<Linker>
					<Add option="-pg -lgmon" />
				</Linker>
			</Target>
			<Target title="Deploy">
				<Option output="bin/Deploy/crapmud_client" prefix_auto="1" extension_auto="1" />
				<Option object_output="obj/Deploy/" />
				<Option type="1" />
				<Option compiler="gcc" />
				<Compiler>
					<Add option="-O2" />
					<Add option="-g" />
					<Add option="-DEXTERN_IP" />
				</Compiler>
				<Linker>
					<Add option="-O2" />
				</Linker>
			</Target>
			<Target title="DeployProfile">
				<Option output="DebugDeploy/DeployProfile" prefix_auto="1" extension_auto="1" />
				<Option working_dir="DebugDeploy" />
				<Option object_output="obj/DeployProfile/" />
				<Option type="1" />
				<Option compiler="gcc" />
				<Compiler>
					<Add option="-pg" />
					<Add option="-g" />
					<Add option="-fno-pie" />
					<Add option="-O0" />
					<Add option="-DEXTERN_IP" />
				</Compiler>
				<Linker>
					<Add option="-pg -lgmon" />
					<Add option="-pg" />
				</Linker>
			</Target>
			<Target title="DeployToSteam">
				<Option output="bin/Deploy/crapmud_client" prefix_auto="1" extension_auto="1" />
				<Option working_dir="DebugDeploy" />
				<Option object_output="obj/Deploy/" />
				<Option type="1" />
				<Option compiler="gcc" />
				<Compiler>
					<Add option="-O2" />
					<Add option="-DEXTERN_IP" />
				</Compiler>
				<Linker>
					<Add option="-s" />
				</Linker>
				<ExtraCommands>
					<Add after="build_release.bat" />
					<Add after="C:/Users/James/Downloads/steamworks_sdk_142/sdk/tools/ContentBuilder/run_build.bat" />
					<Mode after="always" />
				</ExtraCommands>
			</Target>
			<Target title="DeployTestDebug">
				<Option output="bin/DeployTestDebug/crapmud_client" prefix_auto="1" extension_auto="1" />
				<Option object_output="obj/DeployTestDebug/" />
				<Option type="1" />
				<Option compiler="gcc" />
				<Compiler>
					<Add option="-Og" />
					<Add option="-g" />
					<Add option="-DEXTERN_IP" />
				</Compiler>
			</Target>
			<Target title="DeployTest">
				<Option output="bin/DeployTest/crapmud_client" prefix_auto="1" extension_auto="1" />
				<Option object_output="obj/DeployTest/" />
				<Option type="1" />
				<Option compiler="gcc" />
				<Compiler>
					<Add option="-O2" />
					<Add option="-DEXTERN_IP" />
				</Compiler>
			</Target>
			<Target title="DeployTestSubmodules">
				<Option output="bin/Deploy/crapmud_client" prefix_auto="1" extension_auto="1" />
				<Option working_dir="DebugDeploy" />
				<Option object_output="obj/Deploy/" />
				<Option type="1" />
				<Option compiler="gcc" />
				<Compiler>
					<Add option="-g" />
					<Add option="-DEXTERN_IP" />
				</Compiler>
				<Linker>
					<Add option="-O2" />
				</Linker>
				<ExtraCommands>
					<Add before='git submodule foreach &quot;(git checkout master; git pull)&amp;&quot;' />
					<Mode after="always" />
				</ExtraCommands>
			</Target>
			<Target title="ReleaseSubmodules">
				<Option output="bin/Release/crapmud_client" prefix_auto="1" extension_auto="1" />
				<Option object_output="obj/Release/" />
				<Option type="1" />
				<Option compiler="gcc" />
				<Compiler>
					<Add option="-DLOCAL_IP" />
				</Compiler>
				<Linker>
					<Add option="-O2" />
				</Linker>
				<ExtraCommands>
					<Add before='git submodule foreach &quot;(git checkout master; git pull)&amp;&quot;' />
					<Add after="build_test.bat" />
					<Mode after="always" />
				</ExtraCommands>
			</Target>
			<Target title="LinuxDeploy">
				<Option output="bin/LinuxDeploy/crapmud_client" prefix_auto="1" extension_auto="1" />
				<Option object_output="obj/LinuxDeploy/" />
				<Option type="1" />
				<Option compiler="gcc" />
				<Option projectLinkerOptionsRelation="1" />
				<Option projectResourceIncludeDirsRelation="0" />
				<Option projectLibDirsRelation="1" />
				<Compiler>
					<Add option="-O2" />
					<Add option="-std=c++17" />
					<Add option="-Wl,-rpath=./" />
					<Add option="-DEXTERN_IP" />
					<Add option="-DNO_SERIALISE_RATELIMIT" />
					<Add directory="/usr/include/freetype2" />
					<Add directory="/usr/include/SDL2" />
				</Compiler>
				<Linker>
					<Add option="-O2" />
					<Add option="-l:libssl.a" />
					<Add option="-l:libglfw3.a" />
					<Add option="-l:libGLEW.a" />
					<Add option="-lsfml-audio-s" />
					<Add option="-lsfml-system-s" />
					<Add option="-l:libharfbuzz.a" />
					<Add option="-l:libfreetype.a" />
					<Add option="-l:libgraphite2.a" />
					<Add option="-lGL" />
					<Add option="-l:libFLAC.a" />
					<Add option="-l:libpng.a" />
					<Add option="-l:libz.a" />
					<Add option="-l:libbz2.a" />
					<Add option="-lopenal" />
					<Add option="-logg" />
					<Add option="-l:libcrypto.a" />
					<Add option="-lbacktrace" />
					<Add option="-lOpenCL" />
					<Add option="-lpthread" />
					<Add option="-ldl" />
					<Add option="-lX11" />
					<Add option="-lsteam_api" />
					<Add option="-lboost_fiber" />
					<Add option="-lboost_context" />
					<Add option="-g" />
					<Add option="`pkg-config --cflags --libs --static sdl2`" />
					<Add directory="deps/steamworks_sdk_150/sdk/redistributable_bin/linux64" />
				</Linker>
			</Target>
			<Target title="ProfileCustom">
				<Option output="bin/ProfileCustom/crapmud_client" prefix_auto="1" extension_auto="1" />
				<Option object_output="obj/ProfileCustom/" />
				<Option type="1" />
				<Option compiler="clang" />
				<Option projectCompilerOptionsRelation="1" />
				<Option projectLinkerOptionsRelation="1" />
				<Compiler>
					<Add option="-O2" />
					<Add option="-std=c++20" />
					<Add option="-fexceptions" />
					<Add option="-Wno-strict-aliasing" />
					<Add option="`pkg-config --cflags freetype2`" />
					<Add option="-finstrument-functions-after-inlining" />
					<Add option="-gdwarf-4" />
					<Add option="-DNET_CLIENT" />
					<Add option="-DNO_COMPRESSION" />
					<Add option="-DIMGUI_IMPL_OPENGL_LOADER_GLEW" />
					<Add option="-DSUBPIXEL_FONT_RENDERING" />
					<Add option="-DSFML_STATIC" />
					<Add option="-DGLEW_STATIC" />
					<Add option="-DGRAPHITE2_STATIC" />
					<Add option="-DNO_OPENCL" />
					<Add option="-DSDL_MAIN_HANDLED" />
					<Add option="-DIMGUI_ENABLE_FREETYPE" />
					<Add option="-DLOCAL_IP" />
					<Add option="-DBOOST_ASIO_HAS_STD_INVOKE_RESULT" />
					<Add option="-DCUSTOM_PROFILING" />
					<Add option="-DNO_SERIALISE_RATELIMIT" />
				</Compiler>
				<Linker>
					<Add option="-lmingw32" />
					<Add option="-l:libssl.a" />
					<Add option="-l:libsdl2.a" />
					<Add option="-l:libglfw3.a" />
					<Add option="-l:libglew32.a" />
					<Add option="-lsfml-audio-s" />
					<Add option="-lsfml-system-s" />
					<Add option="-Wl,--start-group" />
					<Add option="-l:libharfbuzz.a" />
					<Add option="-l:libfreetype.a" />
					<Add option="-Wl,--end-group" />
					<Add option="-l:libgraphite2.a" />
					<Add option="-lopengl32" />
					<Add option="-l:libflac.a" />
					<Add option="-l:libpng.a" />
					<Add option="-l:libz.a" />
					<Add option="-l:libbz2.a" />
					<Add option="-l:librpcrt4.a" />
					<Add option="-l:libopenal.a" />
					<Add option="-logg" />
					<Add option="-lole32" />
					<Add option="-ldbgeng" />
					<Add option="-lwinmm" />
					<Add option="-l:libcrypto.a" />
					<Add option="-lbacktrace" />
					<Add option="-lUsp10" />
					<Add option="-lgdi32" />
					<Add option="-lws2_32" />
					<Add option="-lmswsock" />
					<Add option="-lsteam_api64" />
					<Add option="-l:libbrotlidec.a" />
					<Add option="-l:libbrotlienc.a" />
					<Add option="-l:libbrotlicommon.a" />
					<Add option="-limm32" />
					<Add option="-lversion" />
					<Add option="-loleaut32" />
					<Add option="-lsetupapi" />
				</Linker>
				<ExtraCommands>
					<Add after="update_profile.bat" />
				</ExtraCommands>
			</Target>
			<Target title="ProfileCustomGCC">
				<Option output="bin/ProfileCustomGCC/crapmud_client" prefix_auto="1" extension_auto="1" />
				<Option object_output="obj/ProfileCustomGCC/" />
				<Option type="1" />
				<Option compiler="gnu_gcc_compiler_ucrt64" />
				<Compiler>
					<Add option="-Og" />
					<Add option="-g" />
					<Add option="-finstrument-functions" />
					<Add option="-DLOCAL_IP" />
				</Compiler>
			</Target>
		</Build>
		<Compiler>
			<Add option="-Wshadow" />
			<Add option="-Wall" />
			<Add option="-std=c++20" />
			<Add option="-fexceptions" />
			<Add option="-Wno-narrowing" />
			<Add option="-Werror=return-type" />
			<Add option="-Wno-strict-aliasing" />
			<Add option="`pkg-config --cflags freetype2`" />
			<Add option="-DNET_CLIENT" />
			<Add option="-DNO_COMPRESSION" />
			<Add option="-DIMGUI_IMPL_OPENGL_LOADER_GLEW" />
			<Add option="-DSUBPIXEL_FONT_RENDERING" />
			<Add option="-DSFML_STATIC" />
			<Add option="-DGLEW_STATIC" />
			<Add option="-DGRAPHITE2_STATIC" />
			<Add option="-DNO_OPENCL" />
			<Add option="-DSDL_MAIN_HANDLED" />
			<Add option="-DIMGUI_ENABLE_FREETYPE" />
			<Add option="-DNO_SERIALISE_RATELIMIT" />
			<Add option="-DNO_DEFAULT_BACKEND" />
			<Add directory="deps" />
			<Add directory="deps/SFML/include" />
			<Add directory="deps/freetype/include/freetype" />
			<Add directory="deps/imgui" />
			<Add directory="C:/Users/James/Desktop/projects/crapmud_client/deps/freetype/include" />
			<Add directory="deps/imtui/include" />
			<Add directory="C:/msys64/mingw64/include/ncurses" />
			<Add directory="deps/steamworks_sdk_148a/sdk/public/" />
			<Add directory="C:/msys64/mingw64/include/SDL2" />
		</Compiler>
		<Linker>
			<Add option="-static-libstdc++" />
			<Add option="-static-libgcc" />
			<Add option="-static" />
			<Add option="-lmingw32" />
			<Add option="-l:libssl.a" />
			<Add option="-l:libsdl2.a" />
			<Add option="-l:libglfw3.a" />
			<Add option="-l:libglew32.a" />
			<Add option="-lsfml-audio-s" />
			<Add option="-lsfml-system-s" />
			<Add option="-Wl,--start-group" />
			<Add option="-l:libharfbuzz.a" />
			<Add option="-l:libfreetype.a" />
			<Add option="-Wl,--end-group" />
			<Add option="-l:libgraphite2.a" />
			<Add option="-lopengl32" />
			<Add option="-l:libflac.a" />
			<Add option="-l:libpng.a" />
			<Add option="-l:libz.a" />
			<Add option="-l:libbz2.a" />
			<Add option="-l:librpcrt4.a" />
			<Add option="-l:libopenal.a" />
			<Add option="-logg" />
			<Add option="-lole32" />
			<Add option="-ldbgeng" />
			<Add option="-lwinmm" />
			<Add option="-l:libcrypto.a" />
			<Add option="-lbacktrace" />
			<Add option="-lUsp10" />
			<Add option="-lgdi32" />
			<Add option="-lws2_32" />
			<Add option="-lmswsock" />
			<Add option="-lsteam_api64" />
			<Add option="-l:libbrotlidec.a" />
			<Add option="-l:libbrotlienc.a" />
			<Add option="-l:libbrotlicommon.a" />
			<Add option="-limm32" />
			<Add option="-lversion" />
			<Add option="-loleaut32" />
			<Add option="-lsetupapi" />
			<Add option="-ldwrite" />
			<Add directory="deps/steamworks_sdk_150/sdk/redistributable_bin/win64" />
		</Linker>
		<Unit filename="auth_manager.cpp" />
		<Unit filename="auth_manager.hpp" />
		<Unit filename="auto_handlers.cpp" />
		<Unit filename="auto_handlers.hpp" />
		<Unit filename="colour_interop.hpp" />
		<Unit filename="context.hpp" />
		<Unit filename="copy_handler.cpp" />
		<Unit filename="copy_handler.hpp" />
		<Unit filename="custom_profile.cpp">
			<Option compiler="gcc" use="0" buildCommand="$compiler $includes -c $file -o $object" />
		</Unit>
		<Unit filename="custom_profile.hpp" />
		<Unit filename="deps/imgui/backends/imgui_impl_glfw.cpp">
			<Option compile="0" />
			<Option link="0" />
		</Unit>
		<Unit filename="deps/imgui/backends/imgui_impl_opengl3.cpp" />
		<Unit filename="deps/imgui/backends/imgui_impl_sdl.cpp" />
		<Unit filename="deps/imgui/imconfig.h" />
		<Unit filename="deps/imgui/imgui.cpp" />
		<Unit filename="deps/imgui/imgui.h" />
		<Unit filename="deps/imgui/imgui_demo.cpp">
			<Option compile="0" />
			<Option link="0" />
		</Unit>
		<Unit filename="deps/imgui/imgui_draw.cpp" />
		<Unit filename="deps/imgui/imgui_internal.h" />
		<Unit filename="deps/imgui/imgui_tables.cpp" />
		<Unit filename="deps/imgui/imgui_widgets.cpp" />
		<Unit filename="deps/imgui/misc/cpp/imgui_stdlib.cpp" />
		<Unit filename="deps/imgui/misc/cpp/imgui_stdlib.h" />
		<Unit filename="deps/imgui/misc/freetype/imgui_freetype.cpp" />
		<Unit filename="deps/imgui/misc/freetype/imgui_freetype.h" />
		<Unit filename="deps/imtui/src/imtui-impl-ncurses.cpp">
			<Option compile="0" />
			<Option link="0" />
		</Unit>
		<Unit filename="deps/imtui/src/imtui-impl-text.cpp">
			<Option compile="0" />
			<Option link="0" />
		</Unit>
		<Unit filename="deps/networking/beast_compilation_unit.cpp" />
		<Unit filename="deps/networking/networking.cpp" />
		<Unit filename="deps/networking/networking.hpp" />
		<Unit filename="deps/networking/serialisable.cpp" />
		<Unit filename="deps/networking/serialisable.hpp" />
		<Unit filename="deps/networking/serialisable_fwd.hpp" />
		<Unit filename="deps/networking/serialisable_msgpack_fwd.hpp" />
		<Unit filename="deps/toolkit/base_serialisables.cpp" />
		<Unit filename="deps/toolkit/base_serialisables.hpp" />
		<Unit filename="deps/toolkit/clipboard.cpp" />
		<Unit filename="deps/toolkit/clipboard.hpp" />
		<Unit filename="deps/toolkit/clock.cpp" />
		<Unit filename="deps/toolkit/clock.hpp" />
		<Unit filename="deps/toolkit/fs_helpers.cpp" />
		<Unit filename="deps/toolkit/fs_helpers.hpp" />
		<Unit filename="deps/toolkit/opencl.cpp" />
		<Unit filename="deps/toolkit/opencl.hpp" />
		<Unit filename="deps/toolkit/render_window.cpp" />
		<Unit filename="deps/toolkit/render_window.hpp" />
		<Unit filename="deps/toolkit/render_window_glfw.cpp">
			<Option compile="0" />
			<Option link="0" />
		</Unit>
		<Unit filename="deps/toolkit/render_window_glfw.hpp" />
		<Unit filename="deps/toolkit/render_window_sdl2.cpp" />
		<Unit filename="deps/toolkit/render_window_sdl2.hpp" />
		<Unit filename="deps/toolkit/stacktrace.cpp" />
		<Unit filename="deps/toolkit/stacktrace.hpp" />
		<Unit filename="deps/toolkit/texture.cpp" />
		<Unit filename="deps/toolkit/texture.hpp" />
		<Unit filename="deps/toolkit/vertex.hpp" />
		<Unit filename="editable_string.cpp" />
		<Unit filename="editable_string.hpp" />
		<Unit filename="font_cfg.cpp" />
		<Unit filename="font_cfg.hpp" />
		<Unit filename="icon.res">
			<Option target="Deploy" />
		</Unit>
		<Unit filename="local_commands.cpp" />
		<Unit filename="local_commands.hpp" />
		<Unit filename="main.cpp" />
		<Unit filename="render_string.cpp" />
		<Unit filename="render_string.hpp" />
		<Unit filename="script_transfer.cpp" />
		<Unit filename="script_transfer.hpp" />
		<Unit filename="serialisables.cpp" />
		<Unit filename="serialisables.hpp" />
		<Unit filename="steam_api.cpp" />
		<Unit filename="steam_api.hpp" />
		<Unit filename="string_helpers.cpp" />
		<Unit filename="string_helpers.hpp" />
		<Unit filename="text.fglsl" />
		<Unit filename="tokeniser.cpp" />
		<Unit filename="tokeniser.hpp" />
		<Unit filename="ui_stack.cpp" />
		<Unit filename="ui_stack.hpp" />
		<Unit filename="util.hpp" />
		<Extensions>
			<lib_finder disable_auto="1" />
		</Extensions>
	</Project>
</CodeBlocks_project_file>
