<?xml version="1.0" encoding="UTF-8" standalone="yes" ?>
<CodeBlocks_project_file>
	<FileVersion major="1" minor="6" />
	<Project>
		<Option title="net_code_client" />
		<Option makefile="makefile" />
		<Option pch_mode="2" />
		<Option compiler="gcc" />
		<Build>
			<Target title="Debug">
				<Option output="bin/Debug/crapmud_client" prefix_auto="1" extension_auto="1" />
				<Option object_output="obj/Debug/" />
				<Option type="1" />
				<Option compiler="gcc" />
				<Compiler>
					<Add option="-g" />
					<Add option="-Og" />
					<Add option="-DLOCAL_IP" />
				</Compiler>
			</Target>
			<Target title="Release">
				<Option output="bin/Release/crapmud_client" prefix_auto="1" extension_auto="1" />
				<Option object_output="obj/Release/" />
				<Option type="1" />
				<Option compiler="gcc" />
				<Compiler>
					<Add option="-O3" />
					<Add option="-DLOCAL_IP" />
				</Compiler>
				<Linker>
					<Add option="-O3" />
					<Add option="-s" />
				</Linker>
				<ExtraCommands>
					<Add after="build_test.bat" />
					<Mode after="always" />
				</ExtraCommands>
			</Target>
			<Target title="Profile">
				<Option output="bin/Profile/crapmud_client" prefix_auto="1" extension_auto="1" />
				<Option object_output="obj/Profile/" />
				<Option type="1" />
				<Option compiler="gcc" />
				<Compiler>
					<Add option="-pg" />
					<Add option="-Og" />
					<Add option="-DLOCAL_IP" />
				</Compiler>
				<Linker>
					<Add option="-pg -lgmon" />
				</Linker>
			</Target>
			<Target title="Deploy">
				<Option output="bin/Deploy/crapmud_client" prefix_auto="1" extension_auto="1" />
				<Option object_output="obj/Deploy/" />
				<Option type="1" />
				<Option compiler="gcc" />
				<Compiler>
					<Add option="-O2" />
					<Add option="-g" />
					<Add option="-DEXTERN_IP" />
				</Compiler>
				<Linker>
					<Add option="-O2" />
				</Linker>
			</Target>
			<Target title="DeployProfile">
				<Option output="DebugDeploy/DeployProfile" prefix_auto="1" extension_auto="1" />
				<Option working_dir="DebugDeploy" />
				<Option object_output="obj/DeployProfile/" />
				<Option type="1" />
				<Option compiler="gcc" />
				<Compiler>
					<Add option="-pg" />
					<Add option="-g" />
					<Add option="-fno-pie" />
					<Add option="-O0" />
					<Add option="-DEXTERN_IP" />
				</Compiler>
				<Linker>
					<Add option="-pg -lgmon" />
					<Add option="-pg" />
				</Linker>
			</Target>
			<Target title="DeployToSteam">
				<Option output="bin/Deploy/crapmud_client" prefix_auto="1" extension_auto="1" />
				<Option working_dir="DebugDeploy" />
				<Option object_output="obj/Deploy/" />
				<Option type="1" />
				<Option compiler="gcc" />
				<Compiler>
					<Add option="-O2" />
					<Add option="-DEXTERN_IP" />
				</Compiler>
				<Linker>
					<Add option="-s" />
				</Linker>
				<ExtraCommands>
					<Add after="build_release.bat" />
					<Add after="C:/Users/James/Downloads/steamworks_sdk_142/sdk/tools/ContentBuilder/run_build.bat" />
					<Mode after="always" />
				</ExtraCommands>
			</Target>
			<Target title="DeployTestDebug">
				<Option output="bin/DeployTestDebug/crapmud_client" prefix_auto="1" extension_auto="1" />
				<Option object_output="obj/DeployTestDebug/" />
				<Option type="1" />
				<Option compiler="gcc" />
				<Compiler>
					<Add option="-Og" />
					<Add option="-g" />
					<Add option="-DEXTERN_IP" />
				</Compiler>
			</Target>
			<Target title="DeployTest">
				<Option output="bin/DeployTest/crapmud_client" prefix_auto="1" extension_auto="1" />
				<Option object_output="obj/DeployTest/" />
				<Option type="1" />
				<Option compiler="gcc" />
				<Compiler>
					<Add option="-O2" />
					<Add option="-DEXTERN_IP" />
				</Compiler>
			</Target>
			<Target title="DeployTestSubmodules">
				<Option output="bin/Deploy/crapmud_client" prefix_auto="1" extension_auto="1" />
				<Option working_dir="DebugDeploy" />
				<Option object_output="obj/Deploy/" />
				<Option type="1" />
				<Option compiler="gcc" />
				<Compiler>
					<Add option="-g" />
					<Add option="-DEXTERN_IP" />
				</Compiler>
				<Linker>
					<Add option="-O2" />
				</Linker>
				<ExtraCommands>
					<Add before='git submodule foreach &quot;(git checkout master; git pull)&amp;&quot;' />
					<Mode after="always" />
				</ExtraCommands>
			</Target>
			<Target title="ReleaseSubmodules">
				<Option output="bin/Release/crapmud_client" prefix_auto="1" extension_auto="1" />
				<Option object_output="obj/Release/" />
				<Option type="1" />
				<Option compiler="gcc" />
				<Compiler>
					<Add option="-DLOCAL_IP" />
				</Compiler>
				<Linker>
					<Add option="-O2" />
				</Linker>
				<ExtraCommands>
					<Add before='git submodule foreach &quot;(git checkout master; git pull)&amp;&quot;' />
					<Add after="build_test.bat" />
					<Mode after="always" />
				</ExtraCommands>
			</Target>
			<Target title="DeployTestZAPCC">
				<Option output="bin/DeployTestZAPCC/crapmud_client" prefix_auto="1" extension_auto="1" />
				<Option working_dir="DebugDeploy" />
				<Option object_output="obj/DeployTestZAPCC/" />
				<Option type="1" />
				<Option compiler="zapcc" />
				<Compiler>
					<Add option="-g" />
					<Add option="-DEXTERN_IP" />
				</Compiler>
				<Linker>
					<Add option="-O2" />
				</Linker>
			</Target>
			<Target title="LinuxDeploy">
				<Option output="bin/LinuxDeploy/crapmud_client" prefix_auto="1" extension_auto="1" />
				<Option object_output="obj/LinuxDeploy/" />
				<Option type="1" />
				<Option compiler="gcc" />
				<Option projectLinkerOptionsRelation="1" />
				<Compiler>
					<Add option="-O2" />
					<Add option="-g" />
					<Add option="-Wl,-rpath=./" />
					<Add option="-DEXTERN_IP" />
					<Add directory="/usr/include/freetype2" />
				</Compiler>
				<Linker>
					<Add option="-O2" />
					<Add option="-l:libssl.a" />
					<Add option="-l:libglfw3.a" />
					<Add option="-l:libGLEW.a" />
					<Add option="-lsfml-audio-s" />
					<Add option="-lsfml-system-s" />
					<Add option="-l:libharfbuzz.a" />
					<Add option="-l:libfreetype.a" />
					<Add option="-l:libgraphite2.a" />
					<Add option="-lGL" />
					<Add option="-l:libFLAC.a" />
					<Add option="-l:libpng.a" />
					<Add option="-l:libz.a" />
					<Add option="-l:libbz2.a" />
					<Add option="-lopenal" />
					<Add option="-logg" />
					<Add option="-l:libcrypto.a" />
					<Add option="-lbacktrace" />
					<Add option="-lOpenCL" />
					<Add option="-lpthread" />
					<Add option="-ldl" />
					<Add option="-lX11" />
					<Add option="-lsteam_api" />
					<Add option="-lncurses" />
					<Add directory="deps/steamworks_sdk_142/sdk/redistributable_bin/linux64" />
				</Linker>
			</Target>
			<Target title="MakeLinuxDeploy">
				<Option output="bin/LinuxDeploy/crapmud_client" prefix_auto="1" extension_auto="1" />
				<Option object_output="obj/LinuxDeploy/" />
				<Option type="1" />
				<Option compiler="gcc" />
				<Option projectLinkerOptionsRelation="1" />
				<Compiler>
					<Add option="-Wl,-rpath=./" />
					<Add option="-DEXTERN_IP" />
				</Compiler>
				<ExtraCommands>
					<Add before="update_makefile.bat" />
					<Add before="wsl make -j4 linuxdeploy" />
					<Mode after="always" />
				</ExtraCommands>
			</Target>
		</Build>
		<Compiler>
			<Add option="-Wall" />
			<Add option="-std=c++17" />
			<Add option="-fexceptions" />
			<Add option="-Wno-narrowing" />
			<Add option="-Werror=return-type" />
			<Add option="-Wno-strict-aliasing" />
			<Add option="-DNET_CLIENT" />
			<Add option="-DNO_COMPRESSION" />
			<Add option="-DIMGUI_IMPL_OPENGL_LOADER_GLEW" />
			<Add option="-DSUBPIXEL_FONT_RENDERING" />
			<Add option="-DSFML_STATIC" />
			<Add option="-DGLEW_STATIC" />
			<Add option="-DGRAPHITE2_STATIC" />
			<Add option="-DUSE_IMTUI" />
			<Add directory="deps" />
			<Add directory="deps/SFML/include" />
			<Add directory="deps/freetype/include/freetype" />
			<Add directory="deps/imgui" />
			<Add directory="C:/Users/James/Desktop/projects/crapmud_client/deps/freetype/include" />
			<Add directory="deps/imtui/include" />
			<Add directory="C:/msys64/mingw64/include/ncurses" />
		</Compiler>
		<Linker>
			<Add option="-static-libstdc++" />
			<Add option="-static-libgcc" />
			<Add option="-static" />
			<Add option="-lmingw32" />
			<Add option="-l:libssl.a" />
			<Add option="-l:libglfw3.a" />
			<Add option="-l:libglew32.a" />
			<Add option="-lsfml-audio-s" />
			<Add option="-lsfml-system-s" />
			<Add option="-l:libharfbuzz.a" />
			<Add option="-l:libfreetype.a" />
			<Add option="-l:libharfbuzz.a" />
			<Add option="-l:libfreetype.a" />
			<Add option="-l:libgraphite2.a" />
			<Add option="-lopengl32" />
			<Add option="-l:libflac.a" />
			<Add option="-l:libpng.a" />
			<Add option="-l:libz.a" />
			<Add option="-l:libbz2.a" />
			<Add option="-l:librpcrt4.a" />
			<Add option="-l:libopenal.a" />
			<Add option="-logg" />
			<Add option="-lole32" />
			<Add option="-ldbgeng" />
			<Add option="-lwinmm" />
			<Add option="-l:libcrypto.a" />
			<Add option="-lbacktrace" />
			<Add option="-lgdi32" />
			<Add option="-lws2_32" />
			<Add option="-lopencl" />
			<Add option="-lsteam_api64" />
			<Add option="-lncurses" />
			<Add directory="deps/steamworks_sdk_142/sdk/redistributable_bin/win64" />
		</Linker>
		<Unit filename="auth_manager.cpp" />
		<Unit filename="auth_manager.hpp" />
		<Unit filename="auto_handlers.cpp">
			<Option target="Debug" />
			<Option target="Release" />
			<Option target="Profile" />
			<Option target="Deploy" />
			<Option target="DeployProfile" />
			<Option target="DeployToSteam" />
			<Option target="DeployTestDebug" />
			<Option target="DeployTest" />
			<Option target="DeployTestSubmodules" />
			<Option target="ReleaseSubmodules" />
			<Option target="DeployTestZAPCC" />
			<Option target="LinuxDeploy" />
		</Unit>
		<Unit filename="auto_handlers.hpp">
			<Option target="Debug" />
			<Option target="Release" />
			<Option target="Profile" />
			<Option target="Deploy" />
			<Option target="DeployProfile" />
			<Option target="DeployToSteam" />
			<Option target="DeployTestDebug" />
			<Option target="DeployTest" />
			<Option target="DeployTestSubmodules" />
			<Option target="ReleaseSubmodules" />
			<Option target="DeployTestZAPCC" />
			<Option target="LinuxDeploy" />
		</Unit>
		<Unit filename="colour_interop.hpp">
			<Option target="Debug" />
			<Option target="Release" />
			<Option target="Profile" />
			<Option target="Deploy" />
			<Option target="DeployProfile" />
			<Option target="DeployToSteam" />
			<Option target="DeployTestDebug" />
			<Option target="DeployTest" />
			<Option target="DeployTestSubmodules" />
			<Option target="ReleaseSubmodules" />
			<Option target="DeployTestZAPCC" />
			<Option target="LinuxDeploy" />
		</Unit>
		<Unit filename="copy_handler.cpp">
			<Option target="Debug" />
			<Option target="Release" />
			<Option target="Profile" />
			<Option target="Deploy" />
			<Option target="DeployProfile" />
			<Option target="DeployToSteam" />
			<Option target="DeployTestDebug" />
			<Option target="DeployTest" />
			<Option target="DeployTestSubmodules" />
			<Option target="ReleaseSubmodules" />
			<Option target="DeployTestZAPCC" />
			<Option target="LinuxDeploy" />
		</Unit>
		<Unit filename="copy_handler.hpp">
			<Option target="Debug" />
			<Option target="Release" />
			<Option target="Profile" />
			<Option target="Deploy" />
			<Option target="DeployProfile" />
			<Option target="DeployToSteam" />
			<Option target="DeployTestDebug" />
			<Option target="DeployTest" />
			<Option target="DeployTestSubmodules" />
			<Option target="ReleaseSubmodules" />
			<Option target="DeployTestZAPCC" />
			<Option target="LinuxDeploy" />
		</Unit>
		<Unit filename="deps/imgui/examples/imgui_impl_glfw.cpp">
			<Option target="Debug" />
			<Option target="Release" />
			<Option target="Profile" />
			<Option target="Deploy" />
			<Option target="DeployProfile" />
			<Option target="DeployToSteam" />
			<Option target="DeployTestDebug" />
			<Option target="DeployTest" />
			<Option target="DeployTestSubmodules" />
			<Option target="ReleaseSubmodules" />
			<Option target="DeployTestZAPCC" />
			<Option target="LinuxDeploy" />
		</Unit>
		<Unit filename="deps/imgui/examples/imgui_impl_glfw.h">
			<Option target="Debug" />
			<Option target="Release" />
			<Option target="Profile" />
			<Option target="Deploy" />
			<Option target="DeployProfile" />
			<Option target="DeployToSteam" />
			<Option target="DeployTestDebug" />
			<Option target="DeployTest" />
			<Option target="DeployTestSubmodules" />
			<Option target="ReleaseSubmodules" />
			<Option target="DeployTestZAPCC" />
			<Option target="LinuxDeploy" />
		</Unit>
		<Unit filename="deps/imgui/examples/imgui_impl_opengl3.cpp">
			<Option target="Debug" />
			<Option target="Release" />
			<Option target="Profile" />
			<Option target="Deploy" />
			<Option target="DeployProfile" />
			<Option target="DeployToSteam" />
			<Option target="DeployTestDebug" />
			<Option target="DeployTest" />
			<Option target="DeployTestSubmodules" />
			<Option target="ReleaseSubmodules" />
			<Option target="DeployTestZAPCC" />
			<Option target="LinuxDeploy" />
		</Unit>
		<Unit filename="deps/imgui/examples/imgui_impl_opengl3.h">
			<Option target="Debug" />
			<Option target="Release" />
			<Option target="Profile" />
			<Option target="Deploy" />
			<Option target="DeployProfile" />
			<Option target="DeployToSteam" />
			<Option target="DeployTestDebug" />
			<Option target="DeployTest" />
			<Option target="DeployTestSubmodules" />
			<Option target="ReleaseSubmodules" />
			<Option target="DeployTestZAPCC" />
			<Option target="LinuxDeploy" />
		</Unit>
		<Unit filename="deps/imgui/imconfig.h">
			<Option target="Debug" />
			<Option target="Release" />
			<Option target="Profile" />
			<Option target="Deploy" />
			<Option target="DeployProfile" />
			<Option target="DeployToSteam" />
			<Option target="DeployTestDebug" />
			<Option target="DeployTest" />
			<Option target="DeployTestSubmodules" />
			<Option target="ReleaseSubmodules" />
			<Option target="DeployTestZAPCC" />
			<Option target="LinuxDeploy" />
		</Unit>
		<Unit filename="deps/imgui/imgui.cpp">
			<Option target="Debug" />
			<Option target="Release" />
			<Option target="Profile" />
			<Option target="Deploy" />
			<Option target="DeployProfile" />
			<Option target="DeployToSteam" />
			<Option target="DeployTestDebug" />
			<Option target="DeployTest" />
			<Option target="DeployTestSubmodules" />
			<Option target="ReleaseSubmodules" />
			<Option target="DeployTestZAPCC" />
			<Option target="LinuxDeploy" />
		</Unit>
		<Unit filename="deps/imgui/imgui.h">
			<Option target="Debug" />
			<Option target="Release" />
			<Option target="Profile" />
			<Option target="Deploy" />
			<Option target="DeployProfile" />
			<Option target="DeployToSteam" />
			<Option target="DeployTestDebug" />
			<Option target="DeployTest" />
			<Option target="DeployTestSubmodules" />
			<Option target="ReleaseSubmodules" />
			<Option target="DeployTestZAPCC" />
			<Option target="LinuxDeploy" />
		</Unit>
		<Unit filename="deps/imgui/imgui_demo.cpp">
			<Option target="Debug" />
			<Option target="Release" />
			<Option target="Profile" />
			<Option target="Deploy" />
			<Option target="DeployProfile" />
			<Option target="DeployToSteam" />
			<Option target="DeployTestDebug" />
			<Option target="DeployTest" />
			<Option target="DeployTestSubmodules" />
			<Option target="ReleaseSubmodules" />
			<Option target="DeployTestZAPCC" />
			<Option target="LinuxDeploy" />
		</Unit>
		<Unit filename="deps/imgui/imgui_draw.cpp">
			<Option target="Debug" />
			<Option target="Release" />
			<Option target="Profile" />
			<Option target="Deploy" />
			<Option target="DeployProfile" />
			<Option target="DeployToSteam" />
			<Option target="DeployTestDebug" />
			<Option target="DeployTest" />
			<Option target="DeployTestSubmodules" />
			<Option target="ReleaseSubmodules" />
			<Option target="DeployTestZAPCC" />
			<Option target="LinuxDeploy" />
		</Unit>
		<Unit filename="deps/imgui/imgui_widgets.cpp">
			<Option target="Debug" />
			<Option target="Release" />
			<Option target="Profile" />
			<Option target="Deploy" />
			<Option target="DeployProfile" />
			<Option target="DeployToSteam" />
			<Option target="DeployTestDebug" />
			<Option target="DeployTest" />
			<Option target="DeployTestSubmodules" />
			<Option target="ReleaseSubmodules" />
			<Option target="DeployTestZAPCC" />
			<Option target="LinuxDeploy" />
		</Unit>
		<Unit filename="deps/imgui/misc/cpp/imgui_stdlib.cpp">
			<Option target="Debug" />
			<Option target="Release" />
			<Option target="Profile" />
			<Option target="Deploy" />
			<Option target="DeployProfile" />
			<Option target="DeployToSteam" />
			<Option target="DeployTestDebug" />
			<Option target="DeployTest" />
			<Option target="DeployTestSubmodules" />
			<Option target="ReleaseSubmodules" />
			<Option target="DeployTestZAPCC" />
			<Option target="LinuxDeploy" />
		</Unit>
		<Unit filename="deps/imgui/misc/cpp/imgui_stdlib.h">
			<Option target="Debug" />
			<Option target="Release" />
			<Option target="Profile" />
			<Option target="Deploy" />
			<Option target="DeployProfile" />
			<Option target="DeployToSteam" />
			<Option target="DeployTestDebug" />
			<Option target="DeployTest" />
			<Option target="DeployTestSubmodules" />
			<Option target="ReleaseSubmodules" />
			<Option target="DeployTestZAPCC" />
			<Option target="LinuxDeploy" />
		</Unit>
		<Unit filename="deps/imgui/misc/freetype/imgui_freetype.cpp">
			<Option target="Debug" />
			<Option target="Release" />
			<Option target="Profile" />
			<Option target="Deploy" />
			<Option target="DeployProfile" />
			<Option target="DeployToSteam" />
			<Option target="DeployTestDebug" />
			<Option target="DeployTest" />
			<Option target="DeployTestSubmodules" />
			<Option target="ReleaseSubmodules" />
			<Option target="DeployTestZAPCC" />
			<Option target="LinuxDeploy" />
		</Unit>
		<Unit filename="deps/imgui/misc/freetype/imgui_freetype.h">
			<Option target="Debug" />
			<Option target="Release" />
			<Option target="Profile" />
			<Option target="Deploy" />
			<Option target="DeployProfile" />
			<Option target="DeployToSteam" />
			<Option target="DeployTestDebug" />
			<Option target="DeployTest" />
			<Option target="DeployTestSubmodules" />
			<Option target="ReleaseSubmodules" />
			<Option target="DeployTestZAPCC" />
			<Option target="LinuxDeploy" />
		</Unit>
		<Unit filename="deps/imtui/src/imtui-impl-ncurses.cpp" />
		<Unit filename="deps/imtui/src/imtui-impl-text.cpp" />
		<Unit filename="deps/networking/beast_compilation_unit.cpp">
			<Option target="Debug" />
			<Option target="Release" />
			<Option target="Profile" />
			<Option target="Deploy" />
			<Option target="DeployProfile" />
			<Option target="DeployToSteam" />
			<Option target="DeployTestDebug" />
			<Option target="DeployTest" />
			<Option target="DeployTestSubmodules" />
			<Option target="ReleaseSubmodules" />
			<Option target="DeployTestZAPCC" />
			<Option target="LinuxDeploy" />
		</Unit>
		<Unit filename="deps/networking/networking.cpp">
			<Option target="Debug" />
			<Option target="Release" />
			<Option target="Profile" />
			<Option target="Deploy" />
			<Option target="DeployProfile" />
			<Option target="DeployToSteam" />
			<Option target="DeployTestDebug" />
			<Option target="DeployTest" />
			<Option target="DeployTestSubmodules" />
			<Option target="ReleaseSubmodules" />
			<Option target="DeployTestZAPCC" />
			<Option target="LinuxDeploy" />
		</Unit>
		<Unit filename="deps/networking/networking.hpp">
			<Option target="Debug" />
			<Option target="Release" />
			<Option target="Profile" />
			<Option target="Deploy" />
			<Option target="DeployProfile" />
			<Option target="DeployToSteam" />
			<Option target="DeployTestDebug" />
			<Option target="DeployTest" />
			<Option target="DeployTestSubmodules" />
			<Option target="ReleaseSubmodules" />
			<Option target="DeployTestZAPCC" />
			<Option target="LinuxDeploy" />
		</Unit>
		<Unit filename="deps/networking/serialisable.cpp">
			<Option target="Debug" />
			<Option target="Release" />
			<Option target="Profile" />
			<Option target="Deploy" />
			<Option target="DeployProfile" />
			<Option target="DeployToSteam" />
			<Option target="DeployTestDebug" />
			<Option target="DeployTest" />
			<Option target="DeployTestSubmodules" />
			<Option target="ReleaseSubmodules" />
			<Option target="DeployTestZAPCC" />
			<Option target="LinuxDeploy" />
		</Unit>
		<Unit filename="deps/networking/serialisable.hpp">
			<Option target="Debug" />
			<Option target="Release" />
			<Option target="Profile" />
			<Option target="Deploy" />
			<Option target="DeployProfile" />
			<Option target="DeployToSteam" />
			<Option target="DeployTestDebug" />
			<Option target="DeployTest" />
			<Option target="DeployTestSubmodules" />
			<Option target="ReleaseSubmodules" />
			<Option target="DeployTestZAPCC" />
			<Option target="LinuxDeploy" />
		</Unit>
		<Unit filename="deps/networking/serialisable_fwd.hpp">
			<Option target="Debug" />
			<Option target="Release" />
			<Option target="Profile" />
			<Option target="Deploy" />
			<Option target="DeployProfile" />
			<Option target="DeployToSteam" />
			<Option target="DeployTestDebug" />
			<Option target="DeployTest" />
			<Option target="DeployTestSubmodules" />
			<Option target="ReleaseSubmodules" />
			<Option target="DeployTestZAPCC" />
			<Option target="LinuxDeploy" />
		</Unit>
		<Unit filename="deps/toolkit/base_serialisables.cpp">
			<Option target="Debug" />
			<Option target="Release" />
			<Option target="Profile" />
			<Option target="Deploy" />
			<Option target="DeployProfile" />
			<Option target="DeployToSteam" />
			<Option target="DeployTestDebug" />
			<Option target="DeployTest" />
			<Option target="DeployTestSubmodules" />
			<Option target="ReleaseSubmodules" />
			<Option target="DeployTestZAPCC" />
			<Option target="LinuxDeploy" />
		</Unit>
		<Unit filename="deps/toolkit/base_serialisables.hpp">
			<Option target="Debug" />
			<Option target="Release" />
			<Option target="Profile" />
			<Option target="Deploy" />
			<Option target="DeployProfile" />
			<Option target="DeployToSteam" />
			<Option target="DeployTestDebug" />
			<Option target="DeployTest" />
			<Option target="DeployTestSubmodules" />
			<Option target="ReleaseSubmodules" />
			<Option target="DeployTestZAPCC" />
			<Option target="LinuxDeploy" />
		</Unit>
		<Unit filename="deps/toolkit/clipboard.cpp" />
		<Unit filename="deps/toolkit/clipboard.hpp" />
		<Unit filename="deps/toolkit/clock.cpp" />
		<Unit filename="deps/toolkit/clock.hpp" />
		<Unit filename="deps/toolkit/fs_helpers.cpp" />
		<Unit filename="deps/toolkit/fs_helpers.hpp" />
		<Unit filename="deps/toolkit/opencl.cpp">
			<Option target="Debug" />
			<Option target="Release" />
			<Option target="Profile" />
			<Option target="Deploy" />
			<Option target="DeployProfile" />
			<Option target="DeployToSteam" />
			<Option target="DeployTestDebug" />
			<Option target="DeployTest" />
			<Option target="DeployTestSubmodules" />
			<Option target="ReleaseSubmodules" />
			<Option target="DeployTestZAPCC" />
			<Option target="LinuxDeploy" />
		</Unit>
		<Unit filename="deps/toolkit/opencl.hpp">
			<Option target="Debug" />
			<Option target="Release" />
			<Option target="Profile" />
			<Option target="Deploy" />
			<Option target="DeployProfile" />
			<Option target="DeployToSteam" />
			<Option target="DeployTestDebug" />
			<Option target="DeployTest" />
			<Option target="DeployTestSubmodules" />
			<Option target="ReleaseSubmodules" />
			<Option target="DeployTestZAPCC" />
			<Option target="LinuxDeploy" />
		</Unit>
		<Unit filename="deps/toolkit/render_window.cpp">
			<Option target="Debug" />
			<Option target="Release" />
			<Option target="Profile" />
			<Option target="Deploy" />
			<Option target="DeployProfile" />
			<Option target="DeployToSteam" />
			<Option target="DeployTestDebug" />
			<Option target="DeployTest" />
			<Option target="DeployTestSubmodules" />
			<Option target="ReleaseSubmodules" />
			<Option target="DeployTestZAPCC" />
			<Option target="LinuxDeploy" />
		</Unit>
		<Unit filename="deps/toolkit/render_window.hpp">
			<Option target="Debug" />
			<Option target="Release" />
			<Option target="Profile" />
			<Option target="Deploy" />
			<Option target="DeployProfile" />
			<Option target="DeployToSteam" />
			<Option target="DeployTestDebug" />
			<Option target="DeployTest" />
			<Option target="DeployTestSubmodules" />
			<Option target="ReleaseSubmodules" />
			<Option target="DeployTestZAPCC" />
			<Option target="LinuxDeploy" />
		</Unit>
		<Unit filename="deps/toolkit/stacktrace.cpp">
			<Option target="Debug" />
			<Option target="Release" />
			<Option target="Profile" />
			<Option target="Deploy" />
			<Option target="DeployProfile" />
			<Option target="DeployToSteam" />
			<Option target="DeployTestDebug" />
			<Option target="DeployTest" />
			<Option target="DeployTestSubmodules" />
			<Option target="ReleaseSubmodules" />
			<Option target="DeployTestZAPCC" />
			<Option target="LinuxDeploy" />
		</Unit>
		<Unit filename="deps/toolkit/stacktrace.hpp">
			<Option target="Debug" />
			<Option target="Release" />
			<Option target="Profile" />
			<Option target="Deploy" />
			<Option target="DeployProfile" />
			<Option target="DeployToSteam" />
			<Option target="DeployTestDebug" />
			<Option target="DeployTest" />
			<Option target="DeployTestSubmodules" />
			<Option target="ReleaseSubmodules" />
			<Option target="DeployTestZAPCC" />
			<Option target="LinuxDeploy" />
		</Unit>
		<Unit filename="deps/toolkit/texture.cpp">
			<Option target="Debug" />
			<Option target="Release" />
			<Option target="Profile" />
			<Option target="Deploy" />
			<Option target="DeployProfile" />
			<Option target="DeployToSteam" />
			<Option target="DeployTestDebug" />
			<Option target="DeployTest" />
			<Option target="DeployTestSubmodules" />
			<Option target="ReleaseSubmodules" />
			<Option target="DeployTestZAPCC" />
			<Option target="LinuxDeploy" />
		</Unit>
		<Unit filename="deps/toolkit/texture.hpp">
			<Option target="Debug" />
			<Option target="Release" />
			<Option target="Profile" />
			<Option target="Deploy" />
			<Option target="DeployProfile" />
			<Option target="DeployToSteam" />
			<Option target="DeployTestDebug" />
			<Option target="DeployTest" />
			<Option target="DeployTestSubmodules" />
			<Option target="ReleaseSubmodules" />
			<Option target="DeployTestZAPCC" />
			<Option target="LinuxDeploy" />
		</Unit>
		<Unit filename="deps/toolkit/vertex.hpp">
			<Option target="Debug" />
			<Option target="Release" />
			<Option target="Profile" />
			<Option target="Deploy" />
			<Option target="DeployProfile" />
			<Option target="DeployToSteam" />
			<Option target="DeployTestDebug" />
			<Option target="DeployTest" />
			<Option target="DeployTestSubmodules" />
			<Option target="ReleaseSubmodules" />
			<Option target="DeployTestZAPCC" />
			<Option target="LinuxDeploy" />
		</Unit>
		<Unit filename="editable_string.cpp">
			<Option target="Debug" />
			<Option target="Release" />
			<Option target="Profile" />
			<Option target="Deploy" />
			<Option target="DeployProfile" />
			<Option target="DeployToSteam" />
			<Option target="DeployTestDebug" />
			<Option target="DeployTest" />
			<Option target="DeployTestSubmodules" />
			<Option target="ReleaseSubmodules" />
			<Option target="DeployTestZAPCC" />
			<Option target="LinuxDeploy" />
		</Unit>
		<Unit filename="editable_string.hpp">
			<Option target="Debug" />
			<Option target="Release" />
			<Option target="Profile" />
			<Option target="Deploy" />
			<Option target="DeployProfile" />
			<Option target="DeployToSteam" />
			<Option target="DeployTestDebug" />
			<Option target="DeployTest" />
			<Option target="DeployTestSubmodules" />
			<Option target="ReleaseSubmodules" />
			<Option target="DeployTestZAPCC" />
			<Option target="LinuxDeploy" />
		</Unit>
		<Unit filename="font_cfg.cpp">
			<Option target="Debug" />
			<Option target="Release" />
			<Option target="Profile" />
			<Option target="Deploy" />
			<Option target="DeployProfile" />
			<Option target="DeployToSteam" />
			<Option target="DeployTestDebug" />
			<Option target="DeployTest" />
			<Option target="DeployTestSubmodules" />
			<Option target="ReleaseSubmodules" />
			<Option target="DeployTestZAPCC" />
			<Option target="LinuxDeploy" />
		</Unit>
		<Unit filename="font_cfg.hpp">
			<Option target="Debug" />
			<Option target="Release" />
			<Option target="Profile" />
			<Option target="Deploy" />
			<Option target="DeployProfile" />
			<Option target="DeployToSteam" />
			<Option target="DeployTestDebug" />
			<Option target="DeployTest" />
			<Option target="DeployTestSubmodules" />
			<Option target="ReleaseSubmodules" />
			<Option target="DeployTestZAPCC" />
			<Option target="LinuxDeploy" />
		</Unit>
		<Unit filename="format_cache.cpp">
			<Option target="Debug" />
			<Option target="Release" />
			<Option target="Profile" />
			<Option target="Deploy" />
			<Option target="DeployProfile" />
			<Option target="DeployToSteam" />
			<Option target="DeployTestDebug" />
			<Option target="DeployTest" />
			<Option target="DeployTestSubmodules" />
			<Option target="ReleaseSubmodules" />
			<Option target="DeployTestZAPCC" />
			<Option target="LinuxDeploy" />
		</Unit>
		<Unit filename="format_cache.hpp">
			<Option target="Debug" />
			<Option target="Release" />
			<Option target="Profile" />
			<Option target="Deploy" />
			<Option target="DeployProfile" />
			<Option target="DeployToSteam" />
			<Option target="DeployTestDebug" />
			<Option target="DeployTest" />
			<Option target="DeployTestSubmodules" />
			<Option target="ReleaseSubmodules" />
			<Option target="DeployTestZAPCC" />
			<Option target="LinuxDeploy" />
		</Unit>
		<Unit filename="icon.res">
			<Option target="Deploy" />
			<Option target="DeployTest" />
			<Option target="DeployTestSubmodules" />
			<Option target="DeployTestZAPCC" />
		</Unit>
		<Unit filename="imgui_ui_components.cpp">
			<Option target="Debug" />
			<Option target="Release" />
			<Option target="Profile" />
			<Option target="Deploy" />
			<Option target="DeployProfile" />
			<Option target="DeployToSteam" />
			<Option target="DeployTestDebug" />
			<Option target="DeployTest" />
			<Option target="DeployTestSubmodules" />
			<Option target="ReleaseSubmodules" />
			<Option target="DeployTestZAPCC" />
			<Option target="LinuxDeploy" />
		</Unit>
		<Unit filename="imgui_ui_components.hpp">
			<Option target="Debug" />
			<Option target="Release" />
			<Option target="Profile" />
			<Option target="Deploy" />
			<Option target="DeployProfile" />
			<Option target="DeployToSteam" />
			<Option target="DeployTestDebug" />
			<Option target="DeployTest" />
			<Option target="DeployTestSubmodules" />
			<Option target="ReleaseSubmodules" />
			<Option target="DeployTestZAPCC" />
			<Option target="LinuxDeploy" />
		</Unit>
		<Unit filename="imguix.cpp">
			<Option target="Debug" />
			<Option target="Release" />
			<Option target="Profile" />
			<Option target="Deploy" />
			<Option target="DeployProfile" />
			<Option target="DeployToSteam" />
			<Option target="DeployTestDebug" />
			<Option target="DeployTest" />
			<Option target="DeployTestSubmodules" />
			<Option target="ReleaseSubmodules" />
			<Option target="DeployTestZAPCC" />
			<Option target="LinuxDeploy" />
		</Unit>
		<Unit filename="imguix.hpp">
			<Option target="Debug" />
			<Option target="Release" />
			<Option target="Profile" />
			<Option target="Deploy" />
			<Option target="DeployProfile" />
			<Option target="DeployToSteam" />
			<Option target="DeployTestDebug" />
			<Option target="DeployTest" />
			<Option target="DeployTestSubmodules" />
			<Option target="ReleaseSubmodules" />
			<Option target="DeployTestZAPCC" />
			<Option target="LinuxDeploy" />
		</Unit>
		<Unit filename="local_commands.cpp">
			<Option target="Debug" />
			<Option target="Release" />
			<Option target="Profile" />
			<Option target="Deploy" />
			<Option target="DeployProfile" />
			<Option target="DeployToSteam" />
			<Option target="DeployTestDebug" />
			<Option target="DeployTest" />
			<Option target="DeployTestSubmodules" />
			<Option target="ReleaseSubmodules" />
			<Option target="DeployTestZAPCC" />
			<Option target="LinuxDeploy" />
		</Unit>
		<Unit filename="local_commands.hpp">
			<Option target="Debug" />
			<Option target="Release" />
			<Option target="Profile" />
			<Option target="Deploy" />
			<Option target="DeployProfile" />
			<Option target="DeployToSteam" />
			<Option target="DeployTestDebug" />
			<Option target="DeployTest" />
			<Option target="DeployTestSubmodules" />
			<Option target="ReleaseSubmodules" />
			<Option target="DeployTestZAPCC" />
			<Option target="LinuxDeploy" />
		</Unit>
		<Unit filename="main.cpp">
			<Option target="Debug" />
			<Option target="Release" />
			<Option target="Profile" />
			<Option target="Deploy" />
			<Option target="DeployProfile" />
			<Option target="DeployToSteam" />
			<Option target="DeployTestDebug" />
			<Option target="DeployTest" />
			<Option target="DeployTestSubmodules" />
			<Option target="ReleaseSubmodules" />
			<Option target="DeployTestZAPCC" />
			<Option target="LinuxDeploy" />
		</Unit>
		<Unit filename="serialisables.cpp">
			<Option target="Debug" />
			<Option target="Release" />
			<Option target="Profile" />
			<Option target="Deploy" />
			<Option target="DeployProfile" />
			<Option target="DeployToSteam" />
			<Option target="DeployTestDebug" />
			<Option target="DeployTest" />
			<Option target="DeployTestSubmodules" />
			<Option target="ReleaseSubmodules" />
			<Option target="DeployTestZAPCC" />
			<Option target="LinuxDeploy" />
		</Unit>
		<Unit filename="serialisables.hpp">
			<Option target="Debug" />
			<Option target="Release" />
			<Option target="Profile" />
			<Option target="Deploy" />
			<Option target="DeployProfile" />
			<Option target="DeployToSteam" />
			<Option target="DeployTestDebug" />
			<Option target="DeployTest" />
			<Option target="DeployTestSubmodules" />
			<Option target="ReleaseSubmodules" />
			<Option target="DeployTestZAPCC" />
			<Option target="LinuxDeploy" />
		</Unit>
		<Unit filename="steam_api.cpp">
			<Option target="Debug" />
			<Option target="Release" />
			<Option target="Profile" />
			<Option target="Deploy" />
			<Option target="DeployProfile" />
			<Option target="DeployToSteam" />
			<Option target="DeployTestDebug" />
			<Option target="DeployTest" />
			<Option target="DeployTestSubmodules" />
			<Option target="ReleaseSubmodules" />
			<Option target="DeployTestZAPCC" />
			<Option target="LinuxDeploy" />
		</Unit>
		<Unit filename="steam_api.hpp">
			<Option target="Debug" />
			<Option target="Release" />
			<Option target="Profile" />
			<Option target="Deploy" />
			<Option target="DeployProfile" />
			<Option target="DeployToSteam" />
			<Option target="DeployTestDebug" />
			<Option target="DeployTest" />
			<Option target="DeployTestSubmodules" />
			<Option target="ReleaseSubmodules" />
			<Option target="DeployTestZAPCC" />
			<Option target="LinuxDeploy" />
		</Unit>
		<Unit filename="string_helpers.cpp">
			<Option target="Debug" />
			<Option target="Release" />
			<Option target="Profile" />
			<Option target="Deploy" />
			<Option target="DeployProfile" />
			<Option target="DeployToSteam" />
			<Option target="DeployTestDebug" />
			<Option target="DeployTest" />
			<Option target="DeployTestSubmodules" />
			<Option target="ReleaseSubmodules" />
			<Option target="DeployTestZAPCC" />
			<Option target="LinuxDeploy" />
		</Unit>
		<Unit filename="string_helpers.hpp">
			<Option target="Debug" />
			<Option target="Release" />
			<Option target="Profile" />
			<Option target="Deploy" />
			<Option target="DeployProfile" />
			<Option target="DeployToSteam" />
			<Option target="DeployTestDebug" />
			<Option target="DeployTest" />
			<Option target="DeployTestSubmodules" />
			<Option target="ReleaseSubmodules" />
			<Option target="DeployTestZAPCC" />
			<Option target="LinuxDeploy" />
		</Unit>
		<Unit filename="text.fglsl">
			<Option target="Debug" />
			<Option target="Release" />
			<Option target="Profile" />
			<Option target="Deploy" />
			<Option target="DeployProfile" />
			<Option target="DeployToSteam" />
			<Option target="DeployTestDebug" />
			<Option target="DeployTest" />
			<Option target="DeployTestSubmodules" />
			<Option target="ReleaseSubmodules" />
			<Option target="DeployTestZAPCC" />
			<Option target="LinuxDeploy" />
		</Unit>
		<Unit filename="tokeniser.cpp">
			<Option target="Debug" />
			<Option target="Release" />
			<Option target="Profile" />
			<Option target="Deploy" />
			<Option target="DeployProfile" />
			<Option target="DeployToSteam" />
			<Option target="DeployTestDebug" />
			<Option target="DeployTest" />
			<Option target="DeployTestSubmodules" />
			<Option target="ReleaseSubmodules" />
			<Option target="DeployTestZAPCC" />
			<Option target="LinuxDeploy" />
		</Unit>
		<Unit filename="tokeniser.hpp">
			<Option target="Debug" />
			<Option target="Release" />
			<Option target="Profile" />
			<Option target="Deploy" />
			<Option target="DeployProfile" />
			<Option target="DeployToSteam" />
			<Option target="DeployTestDebug" />
			<Option target="DeployTest" />
			<Option target="DeployTestSubmodules" />
			<Option target="ReleaseSubmodules" />
			<Option target="DeployTestZAPCC" />
			<Option target="LinuxDeploy" />
		</Unit>
		<Unit filename="util.hpp">
			<Option target="Debug" />
			<Option target="Release" />
			<Option target="Profile" />
			<Option target="Deploy" />
			<Option target="DeployProfile" />
			<Option target="DeployToSteam" />
			<Option target="DeployTestDebug" />
			<Option target="DeployTest" />
			<Option target="DeployTestSubmodules" />
			<Option target="ReleaseSubmodules" />
			<Option target="DeployTestZAPCC" />
			<Option target="LinuxDeploy" />
		</Unit>
		<Extensions>
			<code_completion />
			<envvars />
			<debugger />
			<lib_finder disable_auto="1" />
			<fortran_project />
		</Extensions>
	</Project>
</CodeBlocks_project_file>
