<?xml version="1.0" encoding="UTF-8" standalone="yes" ?>
<CodeBlocks_project_file>
	<FileVersion major="1" minor="6" />
	<Project>
		<Option title="net_code_client" />
		<Option makefile="makefile" />
		<Option pch_mode="2" />
		<Option compiler="gcc" />
		<Build>
			<Target title="Debug">
				<Option output="bin/Debug/crapmud_client" prefix_auto="1" extension_auto="1" />
				<Option object_output="obj/Debug/" />
				<Option type="1" />
				<Option compiler="gcc" />
				<Compiler>
					<Add option="-g" />
					<Add option="-Og" />
					<Add option="-DLOCAL_IP" />
				</Compiler>
			</Target>
			<Target title="Release">
				<Option output="bin/Release/crapmud_client" prefix_auto="1" extension_auto="1" />
				<Option object_output="obj/Release/" />
				<Option type="1" />
				<Option compiler="gcc" />
				<Compiler>
					<Add option="-O3" />
					<Add option="-DLOCAL_IP" />
				</Compiler>
				<Linker>
					<Add option="-O3" />
					<Add option="-s" />
				</Linker>
				<ExtraCommands>
					<Add after="build_test.bat" />
					<Mode after="always" />
				</ExtraCommands>
			</Target>
			<Target title="Profile">
				<Option output="bin/Profile/crapmud_client" prefix_auto="1" extension_auto="1" />
				<Option object_output="obj/Profile/" />
				<Option type="1" />
				<Option compiler="gcc" />
				<Compiler>
					<Add option="-pg" />
					<Add option="-Og" />
					<Add option="-DLOCAL_IP" />
				</Compiler>
				<Linker>
					<Add option="-pg -lgmon" />
				</Linker>
			</Target>
			<Target title="Deploy">
				<Option output="bin/Deploy/crapmud_client" prefix_auto="1" extension_auto="1" />
				<Option object_output="obj/Deploy/" />
				<Option type="1" />
				<Option compiler="gcc" />
				<Compiler>
					<Add option="-O2" />
					<Add option="-g" />
					<Add option="-DEXTERN_IP" />
				</Compiler>
				<Linker>
					<Add option="-O2" />
				</Linker>
			</Target>
			<Target title="DeployProfile">
				<Option output="DebugDeploy/DeployProfile" prefix_auto="1" extension_auto="1" />
				<Option working_dir="DebugDeploy" />
				<Option object_output="obj/DeployProfile/" />
				<Option type="1" />
				<Option compiler="gcc" />
				<Compiler>
					<Add option="-pg" />
					<Add option="-g" />
					<Add option="-fno-pie" />
					<Add option="-O0" />
					<Add option="-DEXTERN_IP" />
				</Compiler>
				<Linker>
					<Add option="-pg -lgmon" />
					<Add option="-pg" />
				</Linker>
			</Target>
			<Target title="DeployToSteam">
				<Option output="bin/Deploy/crapmud_client" prefix_auto="1" extension_auto="1" />
				<Option working_dir="DebugDeploy" />
				<Option object_output="obj/Deploy/" />
				<Option type="1" />
				<Option compiler="gcc" />
				<Compiler>
					<Add option="-O2" />
					<Add option="-DEXTERN_IP" />
				</Compiler>
				<Linker>
					<Add option="-s" />
				</Linker>
				<ExtraCommands>
					<Add after="build_release.bat" />
					<Add after="C:/Users/James/Downloads/steamworks_sdk_142/sdk/tools/ContentBuilder/run_build.bat" />
					<Mode after="always" />
				</ExtraCommands>
			</Target>
			<Target title="DeployTestDebug">
				<Option output="bin/DeployTestDebug/crapmud_client" prefix_auto="1" extension_auto="1" />
				<Option object_output="obj/DeployTestDebug/" />
				<Option type="1" />
				<Option compiler="gcc" />
				<Compiler>
					<Add option="-Og" />
					<Add option="-g" />
					<Add option="-DEXTERN_IP" />
				</Compiler>
			</Target>
			<Target title="DeployTest">
				<Option output="bin/DeployTest/crapmud_client" prefix_auto="1" extension_auto="1" />
				<Option object_output="obj/DeployTest/" />
				<Option type="1" />
				<Option compiler="gcc" />
				<Compiler>
					<Add option="-O2" />
					<Add option="-DEXTERN_IP" />
				</Compiler>
			</Target>
			<Target title="DeployTestSubmodules">
				<Option output="bin/Deploy/crapmud_client" prefix_auto="1" extension_auto="1" />
				<Option working_dir="DebugDeploy" />
				<Option object_output="obj/Deploy/" />
				<Option type="1" />
				<Option compiler="gcc" />
				<Compiler>
					<Add option="-g" />
					<Add option="-DEXTERN_IP" />
				</Compiler>
				<Linker>
					<Add option="-O2" />
				</Linker>
				<ExtraCommands>
					<Add before='git submodule foreach &quot;(git checkout master; git pull)&amp;&quot;' />
					<Mode after="always" />
				</ExtraCommands>
			</Target>
			<Target title="ReleaseSubmodules">
				<Option output="bin/Release/crapmud_client" prefix_auto="1" extension_auto="1" />
				<Option object_output="obj/Release/" />
				<Option type="1" />
				<Option compiler="gcc" />
				<Compiler>
					<Add option="-DLOCAL_IP" />
				</Compiler>
				<Linker>
					<Add option="-O2" />
				</Linker>
				<ExtraCommands>
					<Add before='git submodule foreach &quot;(git checkout master; git pull)&amp;&quot;' />
					<Add after="build_test.bat" />
					<Mode after="always" />
				</ExtraCommands>
			</Target>
			<Target title="DeployTestZAPCC">
				<Option output="bin/DeployTestZAPCC/crapmud_client" prefix_auto="1" extension_auto="1" />
				<Option working_dir="DebugDeploy" />
				<Option object_output="obj/DeployTestZAPCC/" />
				<Option type="1" />
				<Option compiler="zapcc" />
				<Compiler>
					<Add option="-g" />
					<Add option="-DEXTERN_IP" />
				</Compiler>
				<Linker>
					<Add option="-O2" />
				</Linker>
			</Target>
			<Target title="LinuxDeploy">
				<Option output="bin/LinuxDeploy/crapmud_client" prefix_auto="1" extension_auto="1" />
				<Option object_output="obj/LinuxDeploy/" />
				<Option type="1" />
				<Option compiler="gcc" />
				<Option projectLinkerOptionsRelation="1" />
				<Compiler>
					<Add option="-O2" />
					<Add option="-g" />
					<Add option="-DEXTERN_IP" />
					<Add directory="/usr/include/freetype2" />
				</Compiler>
				<Linker>
					<Add option="-O2" />
					<Add option="-l:libssl.a" />
					<Add option="-l:libglfw3.a" />
					<Add option="-l:libGLEW.a" />
					<Add option="-lsfml-audio-s" />
					<Add option="-lsfml-system-s" />
					<Add option="-l:libharfbuzz.a" />
					<Add option="-l:libfreetype.a" />
					<Add option="-l:libharfbuzz.a" />
					<Add option="-l:libfreetype.a" />
					<Add option="-l:libgraphite2.a" />
					<Add option="-lGL" />
					<Add option="-l:libFLAC.a" />
					<Add option="-l:libpng.a" />
					<Add option="-l:libz.a" />
					<Add option="-l:libbz2.a" />
					<Add option="-lopenal" />
					<Add option="-logg" />
					<Add option="-l:libcrypto.a" />
					<Add option="-lbacktrace" />
					<Add option="-lOpenCL" />
					<Add option="-lpthread" />
					<Add option="-ldl" />
					<Add option="-lX11" />
					<Add option="-lsteam_api" />
					<Add directory="deps/steamworks_sdk_142/sdk/redistributable_bin/linux64" />
				</Linker>
			</Target>
		</Build>
		<Compiler>
			<Add option="-Wall" />
			<Add option="-std=c++17" />
			<Add option="-fexceptions" />
			<Add option="-Wno-narrowing" />
			<Add option="-Werror=return-type" />
			<Add option="-Wno-strict-aliasing" />
			<Add option="-DNET_CLIENT" />
			<Add option="-DNO_COMPRESSION" />
			<Add option="-DIMGUI_IMPL_OPENGL_LOADER_GLEW" />
			<Add option="-DSUBPIXEL_FONT_RENDERING" />
			<Add option="-DSFML_STATIC" />
			<Add option="-DGLEW_STATIC" />
			<Add option="-DGRAPHITE2_STATIC" />
			<Add directory="deps" />
			<Add directory="deps/SFML/include" />
			<Add directory="deps/freetype/include/freetype" />
			<Add directory="deps/imgui" />
			<Add directory="C:/Users/James/Desktop/projects/crapmud_client/deps/freetype/include" />
		</Compiler>
		<Linker>
			<Add option="-static-libstdc++" />
			<Add option="-static-libgcc" />
			<Add option="-static" />
			<Add option="-lmingw32" />
			<Add option="-l:libssl.a" />
			<Add option="-l:libglfw3.a" />
			<Add option="-l:libglew32.a" />
			<Add option="-lsfml-audio-s" />
			<Add option="-lsfml-system-s" />
			<Add option="-l:libharfbuzz.a" />
			<Add option="-l:libfreetype.a" />
			<Add option="-l:libharfbuzz.a" />
			<Add option="-l:libfreetype.a" />
			<Add option="-l:libgraphite2.a" />
			<Add option="-lopengl32" />
			<Add option="-l:libflac.a" />
			<Add option="-l:libpng.a" />
			<Add option="-l:libz.a" />
			<Add option="-l:libbz2.a" />
			<Add option="-l:librpcrt4.a" />
			<Add option="-l:libopenal.a" />
			<Add option="-logg" />
			<Add option="-lole32" />
			<Add option="-ldbgeng" />
			<Add option="-lwinmm" />
			<Add option="-l:libcrypto.a" />
			<Add option="-lbacktrace" />
			<Add option="-lgdi32" />
			<Add option="-lws2_32" />
			<Add option="-lopencl" />
			<Add option="-lsteam_api64" />
			<Add directory="deps/steamworks_sdk_142/sdk/redistributable_bin/win64" />
		</Linker>
		<Unit filename="auto_handlers.cpp" />
		<Unit filename="auto_handlers.hpp" />
		<Unit filename="colour_interop.hpp" />
		<Unit filename="copy_handler.cpp" />
		<Unit filename="copy_handler.hpp" />
		<Unit filename="deps/imgui/examples/imgui_impl_glfw.cpp" />
		<Unit filename="deps/imgui/examples/imgui_impl_glfw.h" />
		<Unit filename="deps/imgui/examples/imgui_impl_opengl3.cpp" />
		<Unit filename="deps/imgui/examples/imgui_impl_opengl3.h" />
		<Unit filename="deps/imgui/imconfig.h" />
		<Unit filename="deps/imgui/imgui.cpp" />
		<Unit filename="deps/imgui/imgui.h" />
		<Unit filename="deps/imgui/imgui_demo.cpp" />
		<Unit filename="deps/imgui/imgui_draw.cpp" />
		<Unit filename="deps/imgui/imgui_widgets.cpp" />
		<Unit filename="deps/imgui/misc/cpp/imgui_stdlib.cpp" />
		<Unit filename="deps/imgui/misc/cpp/imgui_stdlib.h" />
		<Unit filename="deps/imgui/misc/freetype/imgui_freetype.cpp" />
		<Unit filename="deps/imgui/misc/freetype/imgui_freetype.h" />
		<Unit filename="deps/networking/beast_compilation_unit.cpp" />
		<Unit filename="deps/networking/networking.cpp" />
		<Unit filename="deps/networking/networking.hpp" />
		<Unit filename="deps/networking/serialisable.cpp" />
		<Unit filename="deps/networking/serialisable.hpp" />
		<Unit filename="deps/networking/serialisable_fwd.hpp" />
		<Unit filename="deps/toolkit/base_serialisables.cpp" />
		<Unit filename="deps/toolkit/base_serialisables.hpp" />
		<Unit filename="deps/toolkit/opencl.cpp" />
		<Unit filename="deps/toolkit/opencl.hpp" />
		<Unit filename="deps/toolkit/render_window.cpp" />
		<Unit filename="deps/toolkit/render_window.hpp" />
		<Unit filename="deps/toolkit/stacktrace.cpp" />
		<Unit filename="deps/toolkit/stacktrace.hpp" />
		<Unit filename="deps/toolkit/texture.cpp" />
		<Unit filename="deps/toolkit/texture.hpp" />
		<Unit filename="deps/toolkit/vertex.hpp" />
		<Unit filename="editable_string.cpp" />
		<Unit filename="editable_string.hpp" />
		<Unit filename="font_cfg.cpp" />
		<Unit filename="font_cfg.hpp" />
		<Unit filename="format_cache.cpp" />
		<Unit filename="format_cache.hpp" />
		<Unit filename="icon.res">
			<Option target="Deploy" />
			<Option target="DeployTest" />
			<Option target="DeployTestSubmodules" />
			<Option target="DeployTestZAPCC" />
		</Unit>
		<Unit filename="imgui_ui_components.cpp" />
		<Unit filename="imgui_ui_components.hpp" />
		<Unit filename="imguix.cpp" />
		<Unit filename="imguix.hpp" />
		<Unit filename="local_commands.cpp" />
		<Unit filename="local_commands.hpp" />
		<Unit filename="main.cpp" />
		<Unit filename="serialisables.cpp" />
		<Unit filename="serialisables.hpp" />
		<Unit filename="steam_api.cpp" />
		<Unit filename="steam_api.hpp" />
		<Unit filename="string_helpers.cpp" />
		<Unit filename="string_helpers.hpp" />
		<Unit filename="text.fglsl" />
		<Unit filename="tokeniser.cpp" />
		<Unit filename="tokeniser.hpp" />
		<Unit filename="util.hpp" />
		<Unit filename="window_context.cpp" />
		<Unit filename="window_context.hpp" />
		<Extensions>
			<code_completion />
			<envvars />
			<debugger />
			<lib_finder disable_auto="1" />
			<fortran_project />
		</Extensions>
	</Project>
</CodeBlocks_project_file>
